
Microsoft Visual Studio Solution File, Format Version 12.00
# Visual Studio Version 17
VisualStudioVersion = 17.2.32505.173
MinimumVisualStudioVersion = 10.0.40219.1
Project("{FAE04EC0-301F-11D3-BF4B-00C04F79EFBC}") = "JobOrganiserWebApp", "JobOrganiserWebApp\JobOrganiserWebApp.csproj", "{F68603FE-E6F9-4CFE-B2EA-1ACEC4F4D0C5}"
EndProject
Global
	GlobalSection(SolutionConfigurationPlatforms) = preSolution
		Debug|Any CPU = Debug|Any CPU
		Release|Any CPU = Release|Any CPU
	EndGlobalSection
	GlobalSection(ProjectConfigurationPlatforms) = postSolution
		{F68603FE-E6F9-4CFE-B2EA-1ACEC4F4D0C5}.Debug|Any CPU.ActiveCfg = Debug|Any CPU
		{F68603FE-E6F9-4CFE-B2EA-1ACEC4F4D0C5}.Debug|Any CPU.Build.0 = Debug|Any CPU
		{F68603FE-E6F9-4CFE-B2EA-1ACEC4F4D0C5}.Release|Any CPU.ActiveCfg = Release|Any CPU
		{F68603FE-E6F9-4CFE-B2EA-1ACEC4F4D0C5}.Release|Any CPU.Build.0 = Release|Any CPU
	EndGlobalSection
	GlobalSection(SolutionProperties) = preSolution
		HideSolutionNode = FALSE
	EndGlobalSection
	GlobalSection(ExtensibilityGlobals) = postSolution
		SolutionGuid = {6107F39F-F306-4606-8B9B-DAF0958473F6}
	EndGlobalSection
EndGlobal
